
Microsoft Visual Studio Solution File, Format Version 12.00
# Visual Studio Version 17
VisualStudioVersion = 17.9.34723.18
MinimumVisualStudioVersion = 10.0.40219.1
Project("{2150E333-8FDC-42A3-9474-1A3956D46DE8}") = "tests", "tests", "{7D0C3D92-86AA-4474-BBA3-2E094BB89F1B}"
EndProject
Project("{FAE04EC0-301F-11D3-BF4B-00C04F79EFBC}") = "Quadax_Mastermind_gherrick_2025-03-21", "Quadax_Mastermind_gherrick_2025-03-21\Quadax_Mastermind_gherrick_2025-03-21.csproj", "{B56E89BD-ACEC-6D62-CCC3-45A1B1BD4B9B}"
EndProject
Project("{FAE04EC0-301F-11D3-BF4B-00C04F79EFBC}") = "Quadax_Mastermind_gherrick_2025-03-21.Tests", "tests\Quadax_Mastermind_gherrick_2025-03-21.Tests\Quadax_Mastermind_gherrick_2025-03-21.Tests.csproj", "{1DBAAD81-A5E6-E3F9-DAAD-CF2FDDFC6913}"
EndProject
Global
	GlobalSection(SolutionConfigurationPlatforms) = preSolution
		Debug|Any CPU = Debug|Any CPU
		Release|Any CPU = Release|Any CPU
	EndGlobalSection
	GlobalSection(ProjectConfigurationPlatforms) = postSolution
		{B56E89BD-ACEC-6D62-CCC3-45A1B1BD4B9B}.Debug|Any CPU.ActiveCfg = Debug|Any CPU
		{B56E89BD-ACEC-6D62-CCC3-45A1B1BD4B9B}.Debug|Any CPU.Build.0 = Debug|Any CPU
		{B56E89BD-ACEC-6D62-CCC3-45A1B1BD4B9B}.Release|Any CPU.ActiveCfg = Release|Any CPU
		{B56E89BD-ACEC-6D62-CCC3-45A1B1BD4B9B}.Release|Any CPU.Build.0 = Release|Any CPU
		{1DBAAD81-A5E6-E3F9-DAAD-CF2FDDFC6913}.Debug|Any CPU.ActiveCfg = Debug|Any CPU
		{1DBAAD81-A5E6-E3F9-DAAD-CF2FDDFC6913}.Debug|Any CPU.Build.0 = Debug|Any CPU
		{1DBAAD81-A5E6-E3F9-DAAD-CF2FDDFC6913}.Release|Any CPU.ActiveCfg = Release|Any CPU
		{1DBAAD81-A5E6-E3F9-DAAD-CF2FDDFC6913}.Release|Any CPU.Build.0 = Release|Any CPU
	EndGlobalSection
	GlobalSection(SolutionProperties) = preSolution
		HideSolutionNode = FALSE
	EndGlobalSection
	GlobalSection(NestedProjects) = preSolution
		{1DBAAD81-A5E6-E3F9-DAAD-CF2FDDFC6913} = {7D0C3D92-86AA-4474-BBA3-2E094BB89F1B}
	EndGlobalSection
	GlobalSection(ExtensibilityGlobals) = postSolution
		SolutionGuid = {01577CE3-0ED6-49A0-BC7C-B90DCB191D8F}
	EndGlobalSection
EndGlobal
